// !$*UTF8*$!
{
	archiveVersion = 1;
	classes = {
	};
	objectVersion = 50;
	objects = {

/* Begin PBXBuildFile section */
		A0D080AC26A73F13001538FF /* SwiftUI_UIKit_tutApp.swift in Sources */ = {isa = PBXBuildFile; fileRef = A0D080AB26A73F13001538FF /* SwiftUI_UIKit_tutApp.swift */; };
		A0D080AE26A73F13001538FF /* ContentView.swift in Sources */ = {isa = PBXBuildFile; fileRef = A0D080AD26A73F13001538FF /* ContentView.swift */; };
		A0D080B026A73F16001538FF /* Assets.xcassets in Resources */ = {isa = PBXBuildFile; fileRef = A0D080AF26A73F16001538FF /* Assets.xcassets */; };
		A0D080B326A73F16001538FF /* Preview Assets.xcassets in Resources */ = {isa = PBXBuildFile; fileRef = A0D080B226A73F16001538FF /* Preview Assets.xcassets */; };
		A0D080B526A73F16001538FF /* Persistence.swift in Sources */ = {isa = PBXBuildFile; fileRef = A0D080B426A73F16001538FF /* Persistence.swift */; };
		A0D080B826A73F16001538FF /* SwiftUI_UIKit_tut.xcdatamodeld in Sources */ = {isa = PBXBuildFile; fileRef = A0D080B626A73F16001538FF /* SwiftUI_UIKit_tut.xcdatamodeld */; };
		A0D080C326A73F17001538FF /* SwiftUI_UIKit_tutTests.swift in Sources */ = {isa = PBXBuildFile; fileRef = A0D080C226A73F17001538FF /* SwiftUI_UIKit_tutTests.swift */; };
		A0D080CE26A73F17001538FF /* SwiftUI_UIKit_tutUITests.swift in Sources */ = {isa = PBXBuildFile; fileRef = A0D080CD26A73F17001538FF /* SwiftUI_UIKit_tutUITests.swift */; };
		A0D080DD26A7AF2F001538FF /* PageViewController.swift in Sources */ = {isa = PBXBuildFile; fileRef = A0D080DC26A7AF2E001538FF /* PageViewController.swift */; };
		A0D080DF26A7B36D001538FF /* Landmark.swift in Sources */ = {isa = PBXBuildFile; fileRef = A0D080DE26A7B36D001538FF /* Landmark.swift */; };
		A0D080E126A7B652001538FF /* FeatureCard.swift in Sources */ = {isa = PBXBuildFile; fileRef = A0D080E026A7B652001538FF /* FeatureCard.swift */; };
		A0D080E726A7B911001538FF /* landmarkData.json in Resources */ = {isa = PBXBuildFile; fileRef = A0D080E526A7B911001538FF /* landmarkData.json */; };
		A0D080E826A7B911001538FF /* hikeData.json in Resources */ = {isa = PBXBuildFile; fileRef = A0D080E626A7B911001538FF /* hikeData.json */; };
		A0D080EA26A7B976001538FF /* ModelData.swift in Sources */ = {isa = PBXBuildFile; fileRef = A0D080E926A7B976001538FF /* ModelData.swift */; };
		A0D080EC26A7B9BA001538FF /* Hike.swift in Sources */ = {isa = PBXBuildFile; fileRef = A0D080EB26A7B9BA001538FF /* Hike.swift */; };
		A0D080EE26A7BF21001538FF /* Profile.swift in Sources */ = {isa = PBXBuildFile; fileRef = A0D080ED26A7BF21001538FF /* Profile.swift */; };
/* End PBXBuildFile section */

/* Begin PBXContainerItemProxy section */
		A0D080BF26A73F17001538FF /* PBXContainerItemProxy */ = {
			isa = PBXContainerItemProxy;
			containerPortal = A0D080A026A73F13001538FF /* Project object */;
			proxyType = 1;
			remoteGlobalIDString = A0D080A726A73F13001538FF;
			remoteInfo = "SwiftUI-UIKit-tut";
		};
		A0D080CA26A73F17001538FF /* PBXContainerItemProxy */ = {
			isa = PBXContainerItemProxy;
			containerPortal = A0D080A026A73F13001538FF /* Project object */;
			proxyType = 1;
			remoteGlobalIDString = A0D080A726A73F13001538FF;
			remoteInfo = "SwiftUI-UIKit-tut";
		};
/* End PBXContainerItemProxy section */

/* Begin PBXFileReference section */
		A0D080A826A73F13001538FF /* SwiftUI-UIKit-tut.app */ = {isa = PBXFileReference; explicitFileType = wrapper.application; includeInIndex = 0; path = "SwiftUI-UIKit-tut.app"; sourceTree = BUILT_PRODUCTS_DIR; };
		A0D080AB26A73F13001538FF /* SwiftUI_UIKit_tutApp.swift */ = {isa = PBXFileReference; lastKnownFileType = sourcecode.swift; path = SwiftUI_UIKit_tutApp.swift; sourceTree = "<group>"; };
		A0D080AD26A73F13001538FF /* ContentView.swift */ = {isa = PBXFileReference; lastKnownFileType = sourcecode.swift; path = ContentView.swift; sourceTree = "<group>"; };
		A0D080AF26A73F16001538FF /* Assets.xcassets */ = {isa = PBXFileReference; lastKnownFileType = folder.assetcatalog; path = Assets.xcassets; sourceTree = "<group>"; };
		A0D080B226A73F16001538FF /* Preview Assets.xcassets */ = {isa = PBXFileReference; lastKnownFileType = folder.assetcatalog; path = "Preview Assets.xcassets"; sourceTree = "<group>"; };
		A0D080B426A73F16001538FF /* Persistence.swift */ = {isa = PBXFileReference; lastKnownFileType = sourcecode.swift; path = Persistence.swift; sourceTree = "<group>"; };
		A0D080B726A73F16001538FF /* SwiftUI_UIKit_tut.xcdatamodel */ = {isa = PBXFileReference; lastKnownFileType = wrapper.xcdatamodel; path = SwiftUI_UIKit_tut.xcdatamodel; sourceTree = "<group>"; };
		A0D080B926A73F16001538FF /* Info.plist */ = {isa = PBXFileReference; lastKnownFileType = text.plist.xml; path = Info.plist; sourceTree = "<group>"; };
		A0D080BE26A73F17001538FF /* SwiftUI-UIKit-tutTests.xctest */ = {isa = PBXFileReference; explicitFileType = wrapper.cfbundle; includeInIndex = 0; path = "SwiftUI-UIKit-tutTests.xctest"; sourceTree = BUILT_PRODUCTS_DIR; };
		A0D080C226A73F17001538FF /* SwiftUI_UIKit_tutTests.swift */ = {isa = PBXFileReference; lastKnownFileType = sourcecode.swift; path = SwiftUI_UIKit_tutTests.swift; sourceTree = "<group>"; };
		A0D080C426A73F17001538FF /* Info.plist */ = {isa = PBXFileReference; lastKnownFileType = text.plist.xml; path = Info.plist; sourceTree = "<group>"; };
		A0D080C926A73F17001538FF /* SwiftUI-UIKit-tutUITests.xctest */ = {isa = PBXFileReference; explicitFileType = wrapper.cfbundle; includeInIndex = 0; path = "SwiftUI-UIKit-tutUITests.xctest"; sourceTree = BUILT_PRODUCTS_DIR; };
		A0D080CD26A73F17001538FF /* SwiftUI_UIKit_tutUITests.swift */ = {isa = PBXFileReference; lastKnownFileType = sourcecode.swift; path = SwiftUI_UIKit_tutUITests.swift; sourceTree = "<group>"; };
		A0D080CF26A73F17001538FF /* Info.plist */ = {isa = PBXFileReference; lastKnownFileType = text.plist.xml; path = Info.plist; sourceTree = "<group>"; };
		A0D080DC26A7AF2E001538FF /* PageViewController.swift */ = {isa = PBXFileReference; lastKnownFileType = sourcecode.swift; path = PageViewController.swift; sourceTree = "<group>"; };
		A0D080DE26A7B36D001538FF /* Landmark.swift */ = {isa = PBXFileReference; lastKnownFileType = sourcecode.swift; path = Landmark.swift; sourceTree = "<group>"; };
		A0D080E026A7B652001538FF /* FeatureCard.swift */ = {isa = PBXFileReference; lastKnownFileType = sourcecode.swift; path = FeatureCard.swift; sourceTree = "<group>"; };
		A0D080E526A7B911001538FF /* landmarkData.json */ = {isa = PBXFileReference; fileEncoding = 4; lastKnownFileType = text.json; path = landmarkData.json; sourceTree = "<group>"; };
		A0D080E626A7B911001538FF /* hikeData.json */ = {isa = PBXFileReference; fileEncoding = 4; lastKnownFileType = text.json; path = hikeData.json; sourceTree = "<group>"; };
		A0D080E926A7B976001538FF /* ModelData.swift */ = {isa = PBXFileReference; fileEncoding = 4; lastKnownFileType = sourcecode.swift; path = ModelData.swift; sourceTree = "<group>"; };
		A0D080EB26A7B9BA001538FF /* Hike.swift */ = {isa = PBXFileReference; lastKnownFileType = sourcecode.swift; path = Hike.swift; sourceTree = "<group>"; };
		A0D080ED26A7BF21001538FF /* Profile.swift */ = {isa = PBXFileReference; lastKnownFileType = sourcecode.swift; path = Profile.swift; sourceTree = "<group>"; };
/* End PBXFileReference section */

/* Begin PBXFrameworksBuildPhase section */
		A0D080A526A73F13001538FF /* Frameworks */ = {
			isa = PBXFrameworksBuildPhase;
			buildActionMask = 2147483647;
			files = (
			);
			runOnlyForDeploymentPostprocessing = 0;
		};
		A0D080BB26A73F17001538FF /* Frameworks */ = {
			isa = PBXFrameworksBuildPhase;
			buildActionMask = 2147483647;
			files = (
			);
			runOnlyForDeploymentPostprocessing = 0;
		};
		A0D080C626A73F17001538FF /* Frameworks */ = {
			isa = PBXFrameworksBuildPhase;
			buildActionMask = 2147483647;
			files = (
			);
			runOnlyForDeploymentPostprocessing = 0;
		};
/* End PBXFrameworksBuildPhase section */

/* Begin PBXGroup section */
		A0D0809F26A73F13001538FF = {
			isa = PBXGroup;
			children = (
				A0D080AA26A73F13001538FF /* SwiftUI-UIKit-tut */,
				A0D080C126A73F17001538FF /* SwiftUI-UIKit-tutTests */,
				A0D080CC26A73F17001538FF /* SwiftUI-UIKit-tutUITests */,
				A0D080A926A73F13001538FF /* Products */,
			);
			sourceTree = "<group>";
		};
		A0D080A926A73F13001538FF /* Products */ = {
			isa = PBXGroup;
			children = (
				A0D080A826A73F13001538FF /* SwiftUI-UIKit-tut.app */,
				A0D080BE26A73F17001538FF /* SwiftUI-UIKit-tutTests.xctest */,
				A0D080C926A73F17001538FF /* SwiftUI-UIKit-tutUITests.xctest */,
			);
			name = Products;
			sourceTree = "<group>";
		};
		A0D080AA26A73F13001538FF /* SwiftUI-UIKit-tut */ = {
			isa = PBXGroup;
			children = (
				A0D080E326A7B876001538FF /* Model */,
				A0D080E226A7B7FB001538FF /* Views */,
				A0D080E426A7B8DF001538FF /* Resources */,
				A0D080AF26A73F16001538FF /* Assets.xcassets */,
				A0D080AB26A73F13001538FF /* SwiftUI_UIKit_tutApp.swift */,
				A0D080B426A73F16001538FF /* Persistence.swift */,
				A0D080B926A73F16001538FF /* Info.plist */,
				A0D080B626A73F16001538FF /* SwiftUI_UIKit_tut.xcdatamodeld */,
				A0D080B126A73F16001538FF /* Preview Content */,
			);
			path = "SwiftUI-UIKit-tut";
			sourceTree = "<group>";
		};
		A0D080B126A73F16001538FF /* Preview Content */ = {
			isa = PBXGroup;
			children = (
				A0D080B226A73F16001538FF /* Preview Assets.xcassets */,
			);
			path = "Preview Content";
			sourceTree = "<group>";
		};
		A0D080C126A73F17001538FF /* SwiftUI-UIKit-tutTests */ = {
			isa = PBXGroup;
			children = (
				A0D080C226A73F17001538FF /* SwiftUI_UIKit_tutTests.swift */,
				A0D080C426A73F17001538FF /* Info.plist */,
			);
			path = "SwiftUI-UIKit-tutTests";
			sourceTree = "<group>";
		};
		A0D080CC26A73F17001538FF /* SwiftUI-UIKit-tutUITests */ = {
			isa = PBXGroup;
			children = (
				A0D080CD26A73F17001538FF /* SwiftUI_UIKit_tutUITests.swift */,
				A0D080CF26A73F17001538FF /* Info.plist */,
			);
			path = "SwiftUI-UIKit-tutUITests";
			sourceTree = "<group>";
		};
		A0D080DB26A7AF08001538FF /* PageView */ = {
			isa = PBXGroup;
			children = (
				A0D080E026A7B652001538FF /* FeatureCard.swift */,
				A0D080DC26A7AF2E001538FF /* PageViewController.swift */,
			);
			path = PageView;
			sourceTree = "<group>";
		};
		A0D080E226A7B7FB001538FF /* Views */ = {
			isa = PBXGroup;
			children = (
				A0D080AD26A73F13001538FF /* ContentView.swift */,
				A0D080DB26A7AF08001538FF /* PageView */,
			);
			path = Views;
			sourceTree = "<group>";
		};
		A0D080E326A7B876001538FF /* Model */ = {
			isa = PBXGroup;
			children = (
				A0D080E926A7B976001538FF /* ModelData.swift */,
				A0D080DE26A7B36D001538FF /* Landmark.swift */,
				A0D080EB26A7B9BA001538FF /* Hike.swift */,
				A0D080ED26A7BF21001538FF /* Profile.swift */,
			);
			path = Model;
			sourceTree = "<group>";
		};
		A0D080E426A7B8DF001538FF /* Resources */ = {
			isa = PBXGroup;
			children = (
				A0D080E626A7B911001538FF /* hikeData.json */,
				A0D080E526A7B911001538FF /* landmarkData.json */,
			);
			path = Resources;
			sourceTree = "<group>";
		};
/* End PBXGroup section */

/* Begin PBXNativeTarget section */
		A0D080A726A73F13001538FF /* SwiftUI-UIKit-tut */ = {
			isa = PBXNativeTarget;
			buildConfigurationList = A0D080D226A73F17001538FF /* Build configuration list for PBXNativeTarget "SwiftUI-UIKit-tut" */;
			buildPhases = (
				A0D080A426A73F13001538FF /* Sources */,
				A0D080A526A73F13001538FF /* Frameworks */,
				A0D080A626A73F13001538FF /* Resources */,
			);
			buildRules = (
			);
			dependencies = (
			);
			name = "SwiftUI-UIKit-tut";
			productName = "SwiftUI-UIKit-tut";
			productReference = A0D080A826A73F13001538FF /* SwiftUI-UIKit-tut.app */;
			productType = "com.apple.product-type.application";
		};
		A0D080BD26A73F17001538FF /* SwiftUI-UIKit-tutTests */ = {
			isa = PBXNativeTarget;
			buildConfigurationList = A0D080D526A73F17001538FF /* Build configuration list for PBXNativeTarget "SwiftUI-UIKit-tutTests" */;
			buildPhases = (
				A0D080BA26A73F17001538FF /* Sources */,
				A0D080BB26A73F17001538FF /* Frameworks */,
				A0D080BC26A73F17001538FF /* Resources */,
			);
			buildRules = (
			);
			dependencies = (
				A0D080C026A73F17001538FF /* PBXTargetDependency */,
			);
			name = "SwiftUI-UIKit-tutTests";
			productName = "SwiftUI-UIKit-tutTests";
			productReference = A0D080BE26A73F17001538FF /* SwiftUI-UIKit-tutTests.xctest */;
			productType = "com.apple.product-type.bundle.unit-test";
		};
		A0D080C826A73F17001538FF /* SwiftUI-UIKit-tutUITests */ = {
			isa = PBXNativeTarget;
			buildConfigurationList = A0D080D826A73F17001538FF /* Build configuration list for PBXNativeTarget "SwiftUI-UIKit-tutUITests" */;
			buildPhases = (
				A0D080C526A73F17001538FF /* Sources */,
				A0D080C626A73F17001538FF /* Frameworks */,
				A0D080C726A73F17001538FF /* Resources */,
			);
			buildRules = (
			);
			dependencies = (
				A0D080CB26A73F17001538FF /* PBXTargetDependency */,
			);
			name = "SwiftUI-UIKit-tutUITests";
			productName = "SwiftUI-UIKit-tutUITests";
			productReference = A0D080C926A73F17001538FF /* SwiftUI-UIKit-tutUITests.xctest */;
			productType = "com.apple.product-type.bundle.ui-testing";
		};
/* End PBXNativeTarget section */

/* Begin PBXProject section */
		A0D080A026A73F13001538FF /* Project object */ = {
			isa = PBXProject;
			attributes = {
				LastSwiftUpdateCheck = 1250;
				LastUpgradeCheck = 1250;
				TargetAttributes = {
					A0D080A726A73F13001538FF = {
						CreatedOnToolsVersion = 12.5.1;
					};
					A0D080BD26A73F17001538FF = {
						CreatedOnToolsVersion = 12.5.1;
						TestTargetID = A0D080A726A73F13001538FF;
					};
					A0D080C826A73F17001538FF = {
						CreatedOnToolsVersion = 12.5.1;
						TestTargetID = A0D080A726A73F13001538FF;
					};
				};
			};
			buildConfigurationList = A0D080A326A73F13001538FF /* Build configuration list for PBXProject "SwiftUI-UIKit-tut" */;
			compatibilityVersion = "Xcode 9.3";
			developmentRegion = en;
			hasScannedForEncodings = 0;
			knownRegions = (
				en,
				Base,
			);
			mainGroup = A0D0809F26A73F13001538FF;
			productRefGroup = A0D080A926A73F13001538FF /* Products */;
			projectDirPath = "";
			projectRoot = "";
			targets = (
				A0D080A726A73F13001538FF /* SwiftUI-UIKit-tut */,
				A0D080BD26A73F17001538FF /* SwiftUI-UIKit-tutTests */,
				A0D080C826A73F17001538FF /* SwiftUI-UIKit-tutUITests */,
			);
		};
/* End PBXProject section */

/* Begin PBXResourcesBuildPhase section */
		A0D080A626A73F13001538FF /* Resources */ = {
			isa = PBXResourcesBuildPhase;
			buildActionMask = 2147483647;
			files = (
				A0D080E826A7B911001538FF /* hikeData.json in Resources */,
				A0D080B326A73F16001538FF /* Preview Assets.xcassets in Resources */,
				A0D080B026A73F16001538FF /* Assets.xcassets in Resources */,
				A0D080E726A7B911001538FF /* landmarkData.json in Resources */,
			);
			runOnlyForDeploymentPostprocessing = 0;
		};
		A0D080BC26A73F17001538FF /* Resources */ = {
			isa = PBXResourcesBuildPhase;
			buildActionMask = 2147483647;
			files = (
			);
			runOnlyForDeploymentPostprocessing = 0;
		};
		A0D080C726A73F17001538FF /* Resources */ = {
			isa = PBXResourcesBuildPhase;
			buildActionMask = 2147483647;
			files = (
			);
			runOnlyForDeploymentPostprocessing = 0;
		};
/* End PBXResourcesBuildPhase section */

/* Begin PBXSourcesBuildPhase section */
		A0D080A426A73F13001538FF /* Sources */ = {
			isa = PBXSourcesBuildPhase;
			buildActionMask = 2147483647;
			files = (
				A0D080B526A73F16001538FF /* Persistence.swift in Sources */,
				A0D080EE26A7BF21001538FF /* Profile.swift in Sources */,
				A0D080DD26A7AF2F001538FF /* PageViewController.swift in Sources */,
				A0D080E126A7B652001538FF /* FeatureCard.swift in Sources */,
				A0D080AE26A73F13001538FF /* ContentView.swift in Sources */,
				A0D080B826A73F16001538FF /* SwiftUI_UIKit_tut.xcdatamodeld in Sources */,
				A0D080EA26A7B976001538FF /* ModelData.swift in Sources */,
				A0D080EC26A7B9BA001538FF /* Hike.swift in Sources */,
				A0D080AC26A73F13001538FF /* SwiftUI_UIKit_tutApp.swift in Sources */,
				A0D080DF26A7B36D001538FF /* Landmark.swift in Sources */,
			);
			runOnlyForDeploymentPostprocessing = 0;
		};
		A0D080BA26A73F17001538FF /* Sources */ = {
			isa = PBXSourcesBuildPhase;
			buildActionMask = 2147483647;
			files = (
				A0D080C326A73F17001538FF /* SwiftUI_UIKit_tutTests.swift in Sources */,
			);
			runOnlyForDeploymentPostprocessing = 0;
		};
		A0D080C526A73F17001538FF /* Sources */ = {
			isa = PBXSourcesBuildPhase;
			buildActionMask = 2147483647;
			files = (
				A0D080CE26A73F17001538FF /* SwiftUI_UIKit_tutUITests.swift in Sources */,
			);
			runOnlyForDeploymentPostprocessing = 0;
		};
/* End PBXSourcesBuildPhase section */

/* Begin PBXTargetDependency section */
		A0D080C026A73F17001538FF /* PBXTargetDependency */ = {
			isa = PBXTargetDependency;
			target = A0D080A726A73F13001538FF /* SwiftUI-UIKit-tut */;
			targetProxy = A0D080BF26A73F17001538FF /* PBXContainerItemProxy */;
		};
		A0D080CB26A73F17001538FF /* PBXTargetDependency */ = {
			isa = PBXTargetDependency;
			target = A0D080A726A73F13001538FF /* SwiftUI-UIKit-tut */;
			targetProxy = A0D080CA26A73F17001538FF /* PBXContainerItemProxy */;
		};
/* End PBXTargetDependency section */

/* Begin XCBuildConfiguration section */
		A0D080D026A73F17001538FF /* Debug */ = {
			isa = XCBuildConfiguration;
			buildSettings = {
				ALWAYS_SEARCH_USER_PATHS = NO;
				CLANG_ANALYZER_NONNULL = YES;
				CLANG_ANALYZER_NUMBER_OBJECT_CONVERSION = YES_AGGRESSIVE;
				CLANG_CXX_LANGUAGE_STANDARD = "gnu++14";
				CLANG_CXX_LIBRARY = "libc++";
				CLANG_ENABLE_MODULES = YES;
				CLANG_ENABLE_OBJC_ARC = YES;
				CLANG_ENABLE_OBJC_WEAK = YES;
				CLANG_WARN_BLOCK_CAPTURE_AUTORELEASING = YES;
				CLANG_WARN_BOOL_CONVERSION = YES;
				CLANG_WARN_COMMA = YES;
				CLANG_WARN_CONSTANT_CONVERSION = YES;
				CLANG_WARN_DEPRECATED_OBJC_IMPLEMENTATIONS = YES;
				CLANG_WARN_DIRECT_OBJC_ISA_USAGE = YES_ERROR;
				CLANG_WARN_DOCUMENTATION_COMMENTS = YES;
				CLANG_WARN_EMPTY_BODY = YES;
				CLANG_WARN_ENUM_CONVERSION = YES;
				CLANG_WARN_INFINITE_RECURSION = YES;
				CLANG_WARN_INT_CONVERSION = YES;
				CLANG_WARN_NON_LITERAL_NULL_CONVERSION = YES;
				CLANG_WARN_OBJC_IMPLICIT_RETAIN_SELF = YES;
				CLANG_WARN_OBJC_LITERAL_CONVERSION = YES;
				CLANG_WARN_OBJC_ROOT_CLASS = YES_ERROR;
				CLANG_WARN_QUOTED_INCLUDE_IN_FRAMEWORK_HEADER = YES;
				CLANG_WARN_RANGE_LOOP_ANALYSIS = YES;
				CLANG_WARN_STRICT_PROTOTYPES = YES;
				CLANG_WARN_SUSPICIOUS_MOVE = YES;
				CLANG_WARN_UNGUARDED_AVAILABILITY = YES_AGGRESSIVE;
				CLANG_WARN_UNREACHABLE_CODE = YES;
				CLANG_WARN__DUPLICATE_METHOD_MATCH = YES;
				COPY_PHASE_STRIP = NO;
				DEBUG_INFORMATION_FORMAT = dwarf;
				ENABLE_STRICT_OBJC_MSGSEND = YES;
				ENABLE_TESTABILITY = YES;
				GCC_C_LANGUAGE_STANDARD = gnu11;
				GCC_DYNAMIC_NO_PIC = NO;
				GCC_NO_COMMON_BLOCKS = YES;
				GCC_OPTIMIZATION_LEVEL = 0;
				GCC_PREPROCESSOR_DEFINITIONS = (
					"DEBUG=1",
					"$(inherited)",
				);
				GCC_WARN_64_TO_32_BIT_CONVERSION = YES;
				GCC_WARN_ABOUT_RETURN_TYPE = YES_ERROR;
				GCC_WARN_UNDECLARED_SELECTOR = YES;
				GCC_WARN_UNINITIALIZED_AUTOS = YES_AGGRESSIVE;
				GCC_WARN_UNUSED_FUNCTION = YES;
				GCC_WARN_UNUSED_VARIABLE = YES;
				IPHONEOS_DEPLOYMENT_TARGET = 14.5;
				MTL_ENABLE_DEBUG_INFO = INCLUDE_SOURCE;
				MTL_FAST_MATH = YES;
				ONLY_ACTIVE_ARCH = YES;
				SDKROOT = iphoneos;
				SWIFT_ACTIVE_COMPILATION_CONDITIONS = DEBUG;
				SWIFT_OPTIMIZATION_LEVEL = "-Onone";
			};
			name = Debug;
		};
		A0D080D126A73F17001538FF /* Release */ = {
			isa = XCBuildConfiguration;
			buildSettings = {
				ALWAYS_SEARCH_USER_PATHS = NO;
				CLANG_ANALYZER_NONNULL = YES;
				CLANG_ANALYZER_NUMBER_OBJECT_CONVERSION = YES_AGGRESSIVE;
				CLANG_CXX_LANGUAGE_STANDARD = "gnu++14";
				CLANG_CXX_LIBRARY = "libc++";
				CLANG_ENABLE_MODULES = YES;
				CLANG_ENABLE_OBJC_ARC = YES;
				CLANG_ENABLE_OBJC_WEAK = YES;
				CLANG_WARN_BLOCK_CAPTURE_AUTORELEASING = YES;
				CLANG_WARN_BOOL_CONVERSION = YES;
				CLANG_WARN_COMMA = YES;
				CLANG_WARN_CONSTANT_CONVERSION = YES;
				CLANG_WARN_DEPRECATED_OBJC_IMPLEMENTATIONS = YES;
				CLANG_WARN_DIRECT_OBJC_ISA_USAGE = YES_ERROR;
				CLANG_WARN_DOCUMENTATION_COMMENTS = YES;
				CLANG_WARN_EMPTY_BODY = YES;
				CLANG_WARN_ENUM_CONVERSION = YES;
				CLANG_WARN_INFINITE_RECURSION = YES;
				CLANG_WARN_INT_CONVERSION = YES;
				CLANG_WARN_NON_LITERAL_NULL_CONVERSION = YES;
				CLANG_WARN_OBJC_IMPLICIT_RETAIN_SELF = YES;
				CLANG_WARN_OBJC_LITERAL_CONVERSION = YES;
				CLANG_WARN_OBJC_ROOT_CLASS = YES_ERROR;
				CLANG_WARN_QUOTED_INCLUDE_IN_FRAMEWORK_HEADER = YES;
				CLANG_WARN_RANGE_LOOP_ANALYSIS = YES;
				CLANG_WARN_STRICT_PROTOTYPES = YES;
				CLANG_WARN_SUSPICIOUS_MOVE = YES;
				CLANG_WARN_UNGUARDED_AVAILABILITY = YES_AGGRESSIVE;
				CLANG_WARN_UNREACHABLE_CODE = YES;
				CLANG_WARN__DUPLICATE_METHOD_MATCH = YES;
				COPY_PHASE_STRIP = NO;
				DEBUG_INFORMATION_FORMAT = "dwarf-with-dsym";
				ENABLE_NS_ASSERTIONS = NO;
				ENABLE_STRICT_OBJC_MSGSEND = YES;
				GCC_C_LANGUAGE_STANDARD = gnu11;
				GCC_NO_COMMON_BLOCKS = YES;
				GCC_WARN_64_TO_32_BIT_CONVERSION = YES;
				GCC_WARN_ABOUT_RETURN_TYPE = YES_ERROR;
				GCC_WARN_UNDECLARED_SELECTOR = YES;
				GCC_WARN_UNINITIALIZED_AUTOS = YES_AGGRESSIVE;
				GCC_WARN_UNUSED_FUNCTION = YES;
				GCC_WARN_UNUSED_VARIABLE = YES;
				IPHONEOS_DEPLOYMENT_TARGET = 14.5;
				MTL_ENABLE_DEBUG_INFO = NO;
				MTL_FAST_MATH = YES;
				SDKROOT = iphoneos;
				SWIFT_COMPILATION_MODE = wholemodule;
				SWIFT_OPTIMIZATION_LEVEL = "-O";
				VALIDATE_PRODUCT = YES;
			};
			name = Release;
		};
		A0D080D326A73F17001538FF /* Debug */ = {
			isa = XCBuildConfiguration;
			buildSettings = {
				ASSETCATALOG_COMPILER_APPICON_NAME = AppIcon;
				ASSETCATALOG_COMPILER_GLOBAL_ACCENT_COLOR_NAME = AccentColor;
				CODE_SIGN_STYLE = Automatic;
				DEVELOPMENT_ASSET_PATHS = "\"SwiftUI-UIKit-tut/Preview Content\"";
				DEVELOPMENT_TEAM = D5E8A3898L;
				ENABLE_PREVIEWS = YES;
				INFOPLIST_FILE = "SwiftUI-UIKit-tut/Info.plist";
				IPHONEOS_DEPLOYMENT_TARGET = 14.0;
				LD_RUNPATH_SEARCH_PATHS = (
					"$(inherited)",
					"@executable_path/Frameworks",
				);
				PRODUCT_BUNDLE_IDENTIFIER = "com.LucasPereira.SwiftUI-UIKit-tut";
				PRODUCT_NAME = "$(TARGET_NAME)";
				SWIFT_VERSION = 5.0;
				TARGETED_DEVICE_FAMILY = "1,2";
			};
			name = Debug;
		};
		A0D080D426A73F17001538FF /* Release */ = {
			isa = XCBuildConfiguration;
			buildSettings = {
				ASSETCATALOG_COMPILER_APPICON_NAME = AppIcon;
				ASSETCATALOG_COMPILER_GLOBAL_ACCENT_COLOR_NAME = AccentColor;
				CODE_SIGN_STYLE = Automatic;
				DEVELOPMENT_ASSET_PATHS = "\"SwiftUI-UIKit-tut/Preview Content\"";
				DEVELOPMENT_TEAM = D5E8A3898L;
				ENABLE_PREVIEWS = YES;
				INFOPLIST_FILE = "SwiftUI-UIKit-tut/Info.plist";
				IPHONEOS_DEPLOYMENT_TARGET = 14.0;
				LD_RUNPATH_SEARCH_PATHS = (
					"$(inherited)",
					"@executable_path/Frameworks",
				);
				PRODUCT_BUNDLE_IDENTIFIER = "com.LucasPereira.SwiftUI-UIKit-tut";
				PRODUCT_NAME = "$(TARGET_NAME)";
				SWIFT_VERSION = 5.0;
				TARGETED_DEVICE_FAMILY = "1,2";
			};
			name = Release;
		};
		A0D080D626A73F17001538FF /* Debug */ = {
			isa = XCBuildConfiguration;
			buildSettings = {
				ALWAYS_EMBED_SWIFT_STANDARD_LIBRARIES = YES;
				BUNDLE_LOADER = "$(TEST_HOST)";
				CODE_SIGN_STYLE = Automatic;
				DEVELOPMENT_TEAM = D5E8A3898L;
				INFOPLIST_FILE = "SwiftUI-UIKit-tutTests/Info.plist";
				IPHONEOS_DEPLOYMENT_TARGET = 14.0;
				LD_RUNPATH_SEARCH_PATHS = (
					"$(inherited)",
					"@executable_path/Frameworks",
					"@loader_path/Frameworks",
				);
				PRODUCT_BUNDLE_IDENTIFIER = "com.LucasPereira.SwiftUI-UIKit-tutTests";
				PRODUCT_NAME = "$(TARGET_NAME)";
				SWIFT_VERSION = 5.0;
				TARGETED_DEVICE_FAMILY = "1,2";
				TEST_HOST = "$(BUILT_PRODUCTS_DIR)/SwiftUI-UIKit-tut.app/SwiftUI-UIKit-tut";
			};
			name = Debug;
		};
		A0D080D726A73F17001538FF /* Release */ = {
			isa = XCBuildConfiguration;
			buildSettings = {
				ALWAYS_EMBED_SWIFT_STANDARD_LIBRARIES = YES;
				BUNDLE_LOADER = "$(TEST_HOST)";
				CODE_SIGN_STYLE = Automatic;
				DEVELOPMENT_TEAM = D5E8A3898L;
				INFOPLIST_FILE = "SwiftUI-UIKit-tutTests/Info.plist";
				IPHONEOS_DEPLOYMENT_TARGET = 14.0;
				LD_RUNPATH_SEARCH_PATHS = (
					"$(inherited)",
					"@executable_path/Frameworks",
					"@loader_path/Frameworks",
				);
				PRODUCT_BUNDLE_IDENTIFIER = "com.LucasPereira.SwiftUI-UIKit-tutTests";
				PRODUCT_NAME = "$(TARGET_NAME)";
				SWIFT_VERSION = 5.0;
				TARGETED_DEVICE_FAMILY = "1,2";
				TEST_HOST = "$(BUILT_PRODUCTS_DIR)/SwiftUI-UIKit-tut.app/SwiftUI-UIKit-tut";
			};
			name = Release;
		};
		A0D080D926A73F17001538FF /* Debug */ = {
			isa = XCBuildConfiguration;
			buildSettings = {
				ALWAYS_EMBED_SWIFT_STANDARD_LIBRARIES = YES;
				CODE_SIGN_STYLE = Automatic;
				DEVELOPMENT_TEAM = D5E8A3898L;
				INFOPLIST_FILE = "SwiftUI-UIKit-tutUITests/Info.plist";
				LD_RUNPATH_SEARCH_PATHS = (
					"$(inherited)",
					"@executable_path/Frameworks",
					"@loader_path/Frameworks",
				);
				PRODUCT_BUNDLE_IDENTIFIER = "com.LucasPereira.SwiftUI-UIKit-tutUITests";
				PRODUCT_NAME = "$(TARGET_NAME)";
				SWIFT_VERSION = 5.0;
				TARGETED_DEVICE_FAMILY = "1,2";
				TEST_TARGET_NAME = "SwiftUI-UIKit-tut";
			};
			name = Debug;
		};
		A0D080DA26A73F17001538FF /* Release */ = {
			isa = XCBuildConfiguration;
			buildSettings = {
				ALWAYS_EMBED_SWIFT_STANDARD_LIBRARIES = YES;
				CODE_SIGN_STYLE = Automatic;
				DEVELOPMENT_TEAM = D5E8A3898L;
				INFOPLIST_FILE = "SwiftUI-UIKit-tutUITests/Info.plist";
				LD_RUNPATH_SEARCH_PATHS = (
					"$(inherited)",
					"@executable_path/Frameworks",
					"@loader_path/Frameworks",
				);
				PRODUCT_BUNDLE_IDENTIFIER = "com.LucasPereira.SwiftUI-UIKit-tutUITests";
				PRODUCT_NAME = "$(TARGET_NAME)";
				SWIFT_VERSION = 5.0;
				TARGETED_DEVICE_FAMILY = "1,2";
				TEST_TARGET_NAME = "SwiftUI-UIKit-tut";
			};
			name = Release;
		};
/* End XCBuildConfiguration section */

/* Begin XCConfigurationList section */
		A0D080A326A73F13001538FF /* Build configuration list for PBXProject "SwiftUI-UIKit-tut" */ = {
			isa = XCConfigurationList;
			buildConfigurations = (
				A0D080D026A73F17001538FF /* Debug */,
				A0D080D126A73F17001538FF /* Release */,
			);
			defaultConfigurationIsVisible = 0;
			defaultConfigurationName = Release;
		};
		A0D080D226A73F17001538FF /* Build configuration list for PBXNativeTarget "SwiftUI-UIKit-tut" */ = {
			isa = XCConfigurationList;
			buildConfigurations = (
				A0D080D326A73F17001538FF /* Debug */,
				A0D080D426A73F17001538FF /* Release */,
			);
			defaultConfigurationIsVisible = 0;
			defaultConfigurationName = Release;
		};
		A0D080D526A73F17001538FF /* Build configuration list for PBXNativeTarget "SwiftUI-UIKit-tutTests" */ = {
			isa = XCConfigurationList;
			buildConfigurations = (
				A0D080D626A73F17001538FF /* Debug */,
				A0D080D726A73F17001538FF /* Release */,
			);
			defaultConfigurationIsVisible = 0;
			defaultConfigurationName = Release;
		};
		A0D080D826A73F17001538FF /* Build configuration list for PBXNativeTarget "SwiftUI-UIKit-tutUITests" */ = {
			isa = XCConfigurationList;
			buildConfigurations = (
				A0D080D926A73F17001538FF /* Debug */,
				A0D080DA26A73F17001538FF /* Release */,
			);
			defaultConfigurationIsVisible = 0;
			defaultConfigurationName = Release;
		};
/* End XCConfigurationList section */

/* Begin XCVersionGroup section */
		A0D080B626A73F16001538FF /* SwiftUI_UIKit_tut.xcdatamodeld */ = {
			isa = XCVersionGroup;
			children = (
				A0D080B726A73F16001538FF /* SwiftUI_UIKit_tut.xcdatamodel */,
			);
			currentVersion = A0D080B726A73F16001538FF /* SwiftUI_UIKit_tut.xcdatamodel */;
			path = SwiftUI_UIKit_tut.xcdatamodeld;
			sourceTree = "<group>";
			versionGroupType = wrapper.xcdatamodel;
		};
/* End XCVersionGroup section */
	};
	rootObject = A0D080A026A73F13001538FF /* Project object */;
}
